{
    "name": "test-files",
    "lockfileVersion": 3,
    "requires": true,
    "packages": {
        "": {
            "name": "test-files",
            "workspaces": [
                "./*"
            ]
        },
        "cjs-package": {},
        "esm-package": {},
        "node_modules/cjs-package": {
            "resolved": "cjs-package",
            "link": true
        },
        "node_modules/esm-package": {
            "resolved": "esm-package",
            "link": true
        }
    }
}
